
Microsoft Visual Studio Solution File, Format Version 12.00
# Visual Studio Version 16
VisualStudioVersion = 16.0.30204.135
MinimumVisualStudioVersion = 10.0.40219.1
Project("{FAE04EC0-301F-11D3-BF4B-00C04F79EFBC}") = "SalesWebMvc", "SalesWebMvc\SalesWebMvc.csproj", "{4E8EB250-8F0A-459D-97AF-0BF5D5A17809}"
EndProject
Global
	GlobalSection(SolutionConfigurationPlatforms) = preSolution
		Debug|Any CPU = Debug|Any CPU
		Release|Any CPU = Release|Any CPU
	EndGlobalSection
	GlobalSection(ProjectConfigurationPlatforms) = postSolution
		{4E8EB250-8F0A-459D-97AF-0BF5D5A17809}.Debug|Any CPU.ActiveCfg = Debug|Any CPU
		{4E8EB250-8F0A-459D-97AF-0BF5D5A17809}.Debug|Any CPU.Build.0 = Debug|Any CPU
		{4E8EB250-8F0A-459D-97AF-0BF5D5A17809}.Release|Any CPU.ActiveCfg = Release|Any CPU
		{4E8EB250-8F0A-459D-97AF-0BF5D5A17809}.Release|Any CPU.Build.0 = Release|Any CPU
	EndGlobalSection
	GlobalSection(SolutionProperties) = preSolution
		HideSolutionNode = FALSE
	EndGlobalSection
	GlobalSection(ExtensibilityGlobals) = postSolution
		SolutionGuid = {3F10E596-9CE7-49A6-AA3E-E443042CF7A4}
	EndGlobalSection
EndGlobal
